Microsoft Visual Studio Solution File, Format Version 12.00
# Visual Studio 2012
Project("{FAE04EC0-301F-11D3-BF4B-00C04F79EFBC}") = "SemesterGameJam2026S", "SemesterGameJam2026S.csproj", "{238ADB02-FB75-49FF-A294-619131F21203}"
EndProject
Global
	GlobalSection(SolutionConfigurationPlatforms) = preSolution
	Debug|Any CPU = Debug|Any CPU
	ExportDebug|Any CPU = ExportDebug|Any CPU
	ExportRelease|Any CPU = ExportRelease|Any CPU
	EndGlobalSection
	GlobalSection(ProjectConfigurationPlatforms) = postSolution
		{238ADB02-FB75-49FF-A294-619131F21203}.Debug|Any CPU.ActiveCfg = Debug|Any CPU
		{238ADB02-FB75-49FF-A294-619131F21203}.Debug|Any CPU.Build.0 = Debug|Any CPU
		{238ADB02-FB75-49FF-A294-619131F21203}.ExportDebug|Any CPU.ActiveCfg = ExportDebug|Any CPU
		{238ADB02-FB75-49FF-A294-619131F21203}.ExportDebug|Any CPU.Build.0 = ExportDebug|Any CPU
		{238ADB02-FB75-49FF-A294-619131F21203}.ExportRelease|Any CPU.ActiveCfg = ExportRelease|Any CPU
		{238ADB02-FB75-49FF-A294-619131F21203}.ExportRelease|Any CPU.Build.0 = ExportRelease|Any CPU
	EndGlobalSection
EndGlobal
